<?xml version="1.0" encoding="UTF-8" standalone="yes" ?>
<CodeBlocks_project_file>
	<FileVersion major="1" minor="6" />
	<Project>
		<Option title="gestor-estimaciones" />
		<Option pch_mode="2" />
		<Option compiler="gcc" />
		<Build>
			<Target title="Debug">
				<Option output="bin/Debug/gestor-estimaciones" prefix_auto="1" extension_auto="1" />
				<Option object_output="obj/Debug/" />
				<Option type="1" />
				<Option compiler="gcc" />
				<Compiler>
					<Add option="-g" />
				</Compiler>
			</Target>
			<Target title="Release">
				<Option output="bin/Release/gestor-estimaciones" prefix_auto="1" extension_auto="1" />
				<Option object_output="obj/Release/" />
				<Option type="1" />
				<Option compiler="gcc" />
				<Compiler>
					<Add option="-O2" />
				</Compiler>
				<Linker>
					<Add option="-s" />
				</Linker>
			</Target>
		</Build>
		<Compiler>
			<Add option="-Wall" />
		</Compiler>
		<Unit filename="main.c">
			<Option compilerVar="CC" />
		</Unit>
		<Unit filename="modelos.h" />
		<Unit filename="proyectoControlador.c">
			<Option compilerVar="CC" />
		</Unit>
		<Unit filename="proyectoControlador.h" />
		<Unit filename="proyectoVista.c">
			<Option compilerVar="CC" />
		</Unit>
		<Unit filename="proyectoVista.h" />
		<Unit filename="tareaControlador.c">
			<Option compilerVar="CC" />
		</Unit>
		<Unit filename="tareaControlador.h" />
		<Unit filename="tareaVista.c">
			<Option compilerVar="CC" />
		</Unit>
		<Unit filename="tareaVista.h" />
		<Unit filename="usuarioControlador.c">
			<Option compilerVar="CC" />
		</Unit>
		<Unit filename="usuarioControlador.h" />
		<Unit filename="usuarioVista.c">
			<Option compilerVar="CC" />
		</Unit>
		<Unit filename="usuarioVista.h" />
		<Extensions>
			<code_completion />
			<envvars />
			<debugger />
		</Extensions>
	</Project>
</CodeBlocks_project_file>
